{
  "name": "@bgc-managerment-cli-dev/core",
  "version": "1.0.11",
  "lockfileVersion": 3,
  "requires": true,
  "packages": {
    "": {
      "name": "@bgc-managerment-cli-dev/core",
      "version": "1.0.11",
      "license": "ISC",
      "dependencies": {
        "@bgc-managerment-cli-dev/utils": "file:../utils"
      }
    },
    "../utils": {
      "version": "1.0.11",
      "license": "ISC"
    },
    "node_modules/@bgc-managerment-cli-dev/utils": {
      "resolved": "../utils",
      "link": true
    }
  }
}
